
Microsoft Visual Studio Solution File, Format Version 12.00
# Visual Studio Version 16
VisualStudioVersion = 16.0.29009.5
MinimumVisualStudioVersion = 10.0.40219.1
Project("{FAE04EC0-301F-11D3-BF4B-00C04F79EFBC}") = "shate-m-test", "shate-m-test\shate-m-test.csproj", "{E74AE370-E649-4029-97E9-60A7C0B095F5}"
EndProject
Global
	GlobalSection(SolutionConfigurationPlatforms) = preSolution
		Debug|Any CPU = Debug|Any CPU
		Release|Any CPU = Release|Any CPU
	EndGlobalSection
	GlobalSection(ProjectConfigurationPlatforms) = postSolution
		{E74AE370-E649-4029-97E9-60A7C0B095F5}.Debug|Any CPU.ActiveCfg = Debug|Any CPU
		{E74AE370-E649-4029-97E9-60A7C0B095F5}.Debug|Any CPU.Build.0 = Debug|Any CPU
		{E74AE370-E649-4029-97E9-60A7C0B095F5}.Release|Any CPU.ActiveCfg = Release|Any CPU
		{E74AE370-E649-4029-97E9-60A7C0B095F5}.Release|Any CPU.Build.0 = Release|Any CPU
	EndGlobalSection
	GlobalSection(SolutionProperties) = preSolution
		HideSolutionNode = FALSE
	EndGlobalSection
	GlobalSection(ExtensibilityGlobals) = postSolution
		SolutionGuid = {B6A6A305-A01A-44F7-8FC5-C26997CD2182}
	EndGlobalSection
EndGlobal
